# This file was autogenerated by Stack.
# You should not edit this file by hand.
# For more information, please see the documentation at:
#   https://docs.haskellstack.org/en/stable/lock_files

packages:
- completed:
    hackage: http2-client-0.10.0.0@sha256:d1676405df7e030ea1e36262ee3aa9834846ce4f05d0b04948d54924226534a2,2686
    pantry-tree:
      sha256: 7829e000d32add42d83b8f8b059e0d590fcb787bc90a5a2f0d12075faab83b61
      size: 853
  original:
    hackage: http2-client-0.10.0.0
- completed:
    hackage: proto-lens-jsonpb-0.2.2@sha256:d3ce69f3fd5577a652973808c747c5ad13c5edd0e18b9f75e75320bd0fce80af,2035
    pantry-tree:
      sha256: 562d7313866cd5edee0d238491079eb4fcc6c8c0e47de4163beb1b658069790e
      size: 353
  original:
    hackage: proto-lens-jsonpb-0.2.2
- completed:
    hackage: proto3-suite-0.5.1@sha256:045994919b105b89c44e3ae94f50258b86a6ebfd14425845e13e0921d2e8610e,7015
    pantry-tree:
      sha256: 7387c16e46bdcbcfdfc87b42a1dfd17bf6f7168a50b409469d993f7f73a6f133
      size: 3402
  original:
    hackage: proto3-suite-0.5.1
- completed:
    hackage: proto3-wire-1.4.0@sha256:f8f9facfe86151c7172fc796e1d33b2be54aa919c0a17d39d21b33e928ee66a4,3082
    pantry-tree:
      sha256: b834fa8c413a6c67cc76cf42725199f5154a03aaf0e2f144c4a284347c8d3b10
      size: 1017
  original:
    hackage: proto3-wire-1.4.0
- completed:
    hackage: iris-0.1.0.0@sha256:dd6d664b87dc78b9a2f3b7316dedb5aacdaebb84083f97c50625c5d445edf288,3787
    pantry-tree:
      sha256: c4273cac72fa250b4e3dc25dbb408589b5c7a63e02d6eb18b80ce3ebf342b3c4
      size: 1614
  original:
    hackage: iris-0.1.0.0
- completed:
    commit: 6e5c3908761bfce0faf83440668b404ca6a13339
    git: https://github.com/evgeny-osipenko/kepler
    name: hs-abci-extra
    pantry-tree:
      sha256: 4032e7c9577fc74580384183beea17ac0a4499ebc703a49e96e9b253449515ef
      size: 433
    subdir: hs-abci-extra
    version: 0.1.0.0
  original:
    commit: 6e5c3908761bfce0faf83440668b404ca6a13339
    git: https://github.com/evgeny-osipenko/kepler
    subdir: hs-abci-extra
- completed:
    commit: 6e5c3908761bfce0faf83440668b404ca6a13339
    git: https://github.com/evgeny-osipenko/kepler
    name: hs-abci-server
    pantry-tree:
      sha256: 0cbbdf52c28ae3d5826175b2b1269792ab3185cb000dd8d110eb011014ff29af
      size: 521
    subdir: hs-abci-server
    version: 0.1.0.0
  original:
    commit: 6e5c3908761bfce0faf83440668b404ca6a13339
    git: https://github.com/evgeny-osipenko/kepler
    subdir: hs-abci-server
- completed:
    commit: 6e5c3908761bfce0faf83440668b404ca6a13339
    git: https://github.com/evgeny-osipenko/kepler
    name: hs-abci-sdk
    pantry-tree:
      sha256: 4169e8eed37f6298ec07fcff14b351b6405320dbbc75b0b33f699d403be7ae75
      size: 6784
    subdir: hs-abci-sdk
    version: 0.1.0.0
  original:
    commit: 6e5c3908761bfce0faf83440668b404ca6a13339
    git: https://github.com/evgeny-osipenko/kepler
    subdir: hs-abci-sdk
- completed:
    commit: 6e5c3908761bfce0faf83440668b404ca6a13339
    git: https://github.com/evgeny-osipenko/kepler
    name: hs-abci-types
    pantry-tree:
      sha256: 4eaf54e87f85b6db76073927300de2c5fd7a505f55113950139f7eb53ebec210
      size: 1491
    subdir: hs-abci-types
    version: 0.1.0.0
  original:
    commit: 6e5c3908761bfce0faf83440668b404ca6a13339
    git: https://github.com/evgeny-osipenko/kepler
    subdir: hs-abci-types
- completed:
    commit: 6e5c3908761bfce0faf83440668b404ca6a13339
    git: https://github.com/evgeny-osipenko/kepler
    name: hs-iavl-client
    pantry-tree:
      sha256: cd74df0ee268d48b31642be966f187695207c4a05d57ca68f90a4e5a0b7c6c42
      size: 785
    subdir: hs-iavl-client
    version: 0.1.0.0
  original:
    commit: 6e5c3908761bfce0faf83440668b404ca6a13339
    git: https://github.com/evgeny-osipenko/kepler
    subdir: hs-iavl-client
- completed:
    commit: 6e5c3908761bfce0faf83440668b404ca6a13339
    git: https://github.com/evgeny-osipenko/kepler
    name: hs-tendermint-client
    pantry-tree:
      sha256: eace1665f40655ae469e3f697e05f7959278ed743148b635a096273e1bef236f
      size: 582
    subdir: hs-tendermint-client
    version: 0.1.0.0
  original:
    commit: 6e5c3908761bfce0faf83440668b404ca6a13339
    git: https://github.com/evgeny-osipenko/kepler
    subdir: hs-tendermint-client
- completed:
    commit: dfc468845a82cdd7d759943b20853999bc026505
    git: https://github.com/oscoin/avl-auth
    name: avl-auth
    pantry-tree:
      sha256: e73f4c41e673436251aed0097840b39279616c88adb4135c0ef954220a943ca6
      size: 715
    version: 0.1.0.0
  original:
    commit: dfc468845a82cdd7d759943b20853999bc026505
    git: https://github.com/oscoin/avl-auth
- completed:
    commit: 40d677c0c490b659164ca524cab627827ee6fd80
    git: https://github.com/evgeny-osipenko/http2-grpc-haskell
    name: http2-client-grpc
    pantry-tree:
      sha256: d69746b8730521b82e0791a35cc3ef9ead0e2a3827d0f4a672497841328b3694
      size: 455
    subdir: http2-client-grpc
    version: 0.8.0.0
  original:
    commit: 40d677c0c490b659164ca524cab627827ee6fd80
    git: https://github.com/evgeny-osipenko/http2-grpc-haskell
    subdir: http2-client-grpc
- completed:
    commit: 40d677c0c490b659164ca524cab627827ee6fd80
    git: https://github.com/evgeny-osipenko/http2-grpc-haskell
    name: http2-grpc-types
    pantry-tree:
      sha256: 89145e9b8744ae8d6675413380b3c212f98d45779688aca24b16e863c34a08cd
      size: 506
    subdir: http2-grpc-types
    version: 0.5.0.0
  original:
    commit: 40d677c0c490b659164ca524cab627827ee6fd80
    git: https://github.com/evgeny-osipenko/http2-grpc-haskell
    subdir: http2-grpc-types
- completed:
    commit: 40d677c0c490b659164ca524cab627827ee6fd80
    git: https://github.com/evgeny-osipenko/http2-grpc-haskell
    name: http2-grpc-proto-lens
    pantry-tree:
      sha256: a812a75c9e9899bbec3301eddc358e9096887e4ff88eff6f82e6d56690bdefd1
      size: 440
    subdir: http2-grpc-proto-lens
    version: 0.1.0.0
  original:
    commit: 40d677c0c490b659164ca524cab627827ee6fd80
    git: https://github.com/evgeny-osipenko/http2-grpc-haskell
    subdir: http2-grpc-proto-lens
- completed:
    commit: b72c44b34c59c79ecce6eb93933d7a78cd888cf5
    git: https://github.com/evgeny-osipenko/secp256k1-haskell
    name: secp256k1-haskell
    pantry-tree:
      sha256: aa473053a24f38715075315f21e98e1eb9027a24fc21b55d8fa7ae397dfad56f
      size: 859
    version: 0.6.1
  original:
    commit: b72c44b34c59c79ecce6eb93933d7a78cd888cf5
    git: https://github.com/evgeny-osipenko/secp256k1-haskell
snapshots:
- completed:
    sha256: dcf4fc28f12d805480ddbe8eb8c370e11db12f0461d0110a4240af27ac88d725
    size: 650255
    url: https://raw.githubusercontent.com/commercialhaskell/stackage-snapshots/master/lts/20/22.yaml
  original: lts-20.22
